
Microsoft Visual Studio Solution File, Format Version 12.00
# Visual Studio Version 17
VisualStudioVersion = 17.8.34309.116
MinimumVisualStudioVersion = 10.0.40219.1
Project("{FAE04EC0-301F-11D3-BF4B-00C04F79EFBC}") = "FinalProject", "FinalProject\FinalProject.csproj", "{80CBC403-5B21-48C5-ABB7-B6360B499713}"
EndProject
Global
	GlobalSection(SolutionConfigurationPlatforms) = preSolution
		Debug|Any CPU = Debug|Any CPU
		Release|Any CPU = Release|Any CPU
	EndGlobalSection
	GlobalSection(ProjectConfigurationPlatforms) = postSolution
		{80CBC403-5B21-48C5-ABB7-B6360B499713}.Debug|Any CPU.ActiveCfg = Debug|Any CPU
		{80CBC403-5B21-48C5-ABB7-B6360B499713}.Debug|Any CPU.Build.0 = Debug|Any CPU
		{80CBC403-5B21-48C5-ABB7-B6360B499713}.Release|Any CPU.ActiveCfg = Release|Any CPU
		{80CBC403-5B21-48C5-ABB7-B6360B499713}.Release|Any CPU.Build.0 = Release|Any CPU
	EndGlobalSection
	GlobalSection(SolutionProperties) = preSolution
		HideSolutionNode = FALSE
	EndGlobalSection
	GlobalSection(ExtensibilityGlobals) = postSolution
		SolutionGuid = {ECA7E471-3D64-4D28-AFBD-F4B5765E62FE}
	EndGlobalSection
EndGlobal
